
Microsoft Visual Studio Solution File, Format Version 12.00
# Visual Studio Version 16
VisualStudioVersion = 16.0.31019.35
MinimumVisualStudioVersion = 10.0.40219.1
Project("{9092AA53-FB77-4645-B42D-1CCCA6BD08BD}") = "ipc-fn", "ipc-fn.njsproj", "{6EA09465-11D7-4206-AB0F-B6E5A163A643}"
EndProject
Global
	GlobalSection(SolutionConfigurationPlatforms) = preSolution
		Debug|Any CPU = Debug|Any CPU
		Release|Any CPU = Release|Any CPU
	EndGlobalSection
	GlobalSection(ProjectConfigurationPlatforms) = postSolution
		{6EA09465-11D7-4206-AB0F-B6E5A163A643}.Debug|Any CPU.ActiveCfg = Debug|Any CPU
		{6EA09465-11D7-4206-AB0F-B6E5A163A643}.Debug|Any CPU.Build.0 = Debug|Any CPU
		{6EA09465-11D7-4206-AB0F-B6E5A163A643}.Release|Any CPU.ActiveCfg = Release|Any CPU
		{6EA09465-11D7-4206-AB0F-B6E5A163A643}.Release|Any CPU.Build.0 = Release|Any CPU
	EndGlobalSection
	GlobalSection(SolutionProperties) = preSolution
		HideSolutionNode = FALSE
	EndGlobalSection
	GlobalSection(ExtensibilityGlobals) = postSolution
		SolutionGuid = {A8A5BAF9-3AAC-43A3-8860-09CB54BA71B4}
	EndGlobalSection
EndGlobal
